// !$*UTF8*$!
{
	archiveVersion = 1;
	classes = {
	};
	objectVersion = 48;
	objects = {

/* Begin PBXBuildFile section */
		12188D121F8533E200CE8674 /* Photo.swift in Sources */ = {isa = PBXBuildFile; fileRef = 12188D0E1F8533E200CE8674 /* Photo.swift */; };
		12188D131F8533E200CE8674 /* Photo+CoreDataProperties.swift in Sources */ = {isa = PBXBuildFile; fileRef = 12188D0F1F8533E200CE8674 /* Photo+CoreDataProperties.swift */; };
		12188D141F8533E200CE8674 /* Pin.swift in Sources */ = {isa = PBXBuildFile; fileRef = 12188D101F8533E200CE8674 /* Pin.swift */; };
		12188D151F8533E200CE8674 /* Pin+CoreDataProperties.swift in Sources */ = {isa = PBXBuildFile; fileRef = 12188D111F8533E200CE8674 /* Pin+CoreDataProperties.swift */; };
		124ED0D01F844A490015344F /* AppDelegate.swift in Sources */ = {isa = PBXBuildFile; fileRef = 124ED0CF1F844A490015344F /* AppDelegate.swift */; };
		124ED0D21F844A490015344F /* TravelLocationsMapViewController.swift in Sources */ = {isa = PBXBuildFile; fileRef = 124ED0D11F844A490015344F /* TravelLocationsMapViewController.swift */; };
		124ED0D51F844A490015344F /* Main.storyboard in Resources */ = {isa = PBXBuildFile; fileRef = 124ED0D31F844A490015344F /* Main.storyboard */; };
		124ED0D71F844A490015344F /* Assets.xcassets in Resources */ = {isa = PBXBuildFile; fileRef = 124ED0D61F844A490015344F /* Assets.xcassets */; };
		124ED0DA1F844A490015344F /* LaunchScreen.storyboard in Resources */ = {isa = PBXBuildFile; fileRef = 124ED0D81F844A490015344F /* LaunchScreen.storyboard */; };
		124ED0E91F846AC50015344F /* GCDBlackBox.swift in Sources */ = {isa = PBXBuildFile; fileRef = 124ED0E81F846AC50015344F /* GCDBlackBox.swift */; };
		124ED0F01F8479740015344F /* Model.xcdatamodeld in Sources */ = {isa = PBXBuildFile; fileRef = 124ED0EE1F8479740015344F /* Model.xcdatamodeld */; };
		12A13B151F8545CE00CEBCA7 /* CoreDataStack.swift in Sources */ = {isa = PBXBuildFile; fileRef = 124ED0ED1F846E110015344F /* CoreDataStack.swift */; };
		12A13B161F8545D200CEBCA7 /* FlickrConstants.swift in Sources */ = {isa = PBXBuildFile; fileRef = 124ED0EB1F846B020015344F /* FlickrConstants.swift */; };
		12A13B171F8545D600CEBCA7 /* NetworkClient.swift in Sources */ = {isa = PBXBuildFile; fileRef = 124ED0E61F846AA20015344F /* NetworkClient.swift */; };
		12A13B181F8545D900CEBCA7 /* FlickrClient.swift in Sources */ = {isa = PBXBuildFile; fileRef = 124ED0E71F846AA30015344F /* FlickrClient.swift */; };
		12A13B1A1F85821A00CEBCA7 /* PhotoAlbumViewController.swift in Sources */ = {isa = PBXBuildFile; fileRef = 12A13B191F85821A00CEBCA7 /* PhotoAlbumViewController.swift */; };
		12A13B1F1F858E4A00CEBCA7 /* PhotoCollectionViewCell.swift in Sources */ = {isa = PBXBuildFile; fileRef = 12A13B1E1F858E4A00CEBCA7 /* PhotoCollectionViewCell.swift */; };
		12A13B211F85C70600CEBCA7 /* ViewControllerExtensions.swift in Sources */ = {isa = PBXBuildFile; fileRef = 12A13B201F85C70600CEBCA7 /* ViewControllerExtensions.swift */; };
		12A13B231F8690B700CEBCA7 /* PhotoStore.swift in Sources */ = {isa = PBXBuildFile; fileRef = 12A13B221F8690B700CEBCA7 /* PhotoStore.swift */; };
/* End PBXBuildFile section */

/* Begin PBXFileReference section */
		12188D0E1F8533E200CE8674 /* Photo.swift */ = {isa = PBXFileReference; lastKnownFileType = sourcecode.swift; path = Photo.swift; sourceTree = "<group>"; };
		12188D0F1F8533E200CE8674 /* Photo+CoreDataProperties.swift */ = {isa = PBXFileReference; lastKnownFileType = sourcecode.swift; path = "Photo+CoreDataProperties.swift"; sourceTree = "<group>"; };
		12188D101F8533E200CE8674 /* Pin.swift */ = {isa = PBXFileReference; lastKnownFileType = sourcecode.swift; path = Pin.swift; sourceTree = "<group>"; };
		12188D111F8533E200CE8674 /* Pin+CoreDataProperties.swift */ = {isa = PBXFileReference; lastKnownFileType = sourcecode.swift; path = "Pin+CoreDataProperties.swift"; sourceTree = "<group>"; };
		124ED0CC1F844A490015344F /* VIrtualTourist.app */ = {isa = PBXFileReference; explicitFileType = wrapper.application; includeInIndex = 0; path = VIrtualTourist.app; sourceTree = BUILT_PRODUCTS_DIR; };
		124ED0CF1F844A490015344F /* AppDelegate.swift */ = {isa = PBXFileReference; lastKnownFileType = sourcecode.swift; path = AppDelegate.swift; sourceTree = "<group>"; };
		124ED0D11F844A490015344F /* TravelLocationsMapViewController.swift */ = {isa = PBXFileReference; lastKnownFileType = sourcecode.swift; path = TravelLocationsMapViewController.swift; sourceTree = "<group>"; };
		124ED0D41F844A490015344F /* Base */ = {isa = PBXFileReference; lastKnownFileType = file.storyboard; name = Base; path = Base.lproj/Main.storyboard; sourceTree = "<group>"; };
		124ED0D61F844A490015344F /* Assets.xcassets */ = {isa = PBXFileReference; lastKnownFileType = folder.assetcatalog; path = Assets.xcassets; sourceTree = "<group>"; };
		124ED0D91F844A490015344F /* Base */ = {isa = PBXFileReference; lastKnownFileType = file.storyboard; name = Base; path = Base.lproj/LaunchScreen.storyboard; sourceTree = "<group>"; };
		124ED0DB1F844A490015344F /* Info.plist */ = {isa = PBXFileReference; lastKnownFileType = text.plist.xml; path = Info.plist; sourceTree = "<group>"; };
		124ED0E61F846AA20015344F /* NetworkClient.swift */ = {isa = PBXFileReference; lastKnownFileType = sourcecode.swift; path = NetworkClient.swift; sourceTree = "<group>"; };
		124ED0E71F846AA30015344F /* FlickrClient.swift */ = {isa = PBXFileReference; lastKnownFileType = sourcecode.swift; path = FlickrClient.swift; sourceTree = "<group>"; };
		124ED0E81F846AC50015344F /* GCDBlackBox.swift */ = {isa = PBXFileReference; lastKnownFileType = sourcecode.swift; path = GCDBlackBox.swift; sourceTree = "<group>"; };
		124ED0EB1F846B020015344F /* FlickrConstants.swift */ = {isa = PBXFileReference; lastKnownFileType = sourcecode.swift; path = FlickrConstants.swift; sourceTree = "<group>"; };
		124ED0ED1F846E110015344F /* CoreDataStack.swift */ = {isa = PBXFileReference; lastKnownFileType = sourcecode.swift; path = CoreDataStack.swift; sourceTree = "<group>"; };
		124ED0EF1F8479740015344F /* Model.xcdatamodel */ = {isa = PBXFileReference; lastKnownFileType = wrapper.xcdatamodel; path = Model.xcdatamodel; sourceTree = "<group>"; };
		12A13B191F85821A00CEBCA7 /* PhotoAlbumViewController.swift */ = {isa = PBXFileReference; lastKnownFileType = sourcecode.swift; path = PhotoAlbumViewController.swift; sourceTree = "<group>"; };
		12A13B1E1F858E4A00CEBCA7 /* PhotoCollectionViewCell.swift */ = {isa = PBXFileReference; lastKnownFileType = sourcecode.swift; path = PhotoCollectionViewCell.swift; sourceTree = "<group>"; };
		12A13B201F85C70600CEBCA7 /* ViewControllerExtensions.swift */ = {isa = PBXFileReference; lastKnownFileType = sourcecode.swift; path = ViewControllerExtensions.swift; sourceTree = "<group>"; };
		12A13B221F8690B700CEBCA7 /* PhotoStore.swift */ = {isa = PBXFileReference; lastKnownFileType = sourcecode.swift; path = PhotoStore.swift; sourceTree = "<group>"; };
/* End PBXFileReference section */

/* Begin PBXFrameworksBuildPhase section */
		124ED0C91F844A490015344F /* Frameworks */ = {
			isa = PBXFrameworksBuildPhase;
			buildActionMask = 2147483647;
			files = (
			);
			runOnlyForDeploymentPostprocessing = 0;
		};
/* End PBXFrameworksBuildPhase section */

/* Begin PBXGroup section */
		124ED0C31F844A490015344F = {
			isa = PBXGroup;
			children = (
				124ED0CE1F844A490015344F /* VIrtualTourist */,
				124ED0CD1F844A490015344F /* Products */,
			);
			sourceTree = "<group>";
		};
		124ED0CD1F844A490015344F /* Products */ = {
			isa = PBXGroup;
			children = (
				124ED0CC1F844A490015344F /* VIrtualTourist.app */,
			);
			name = Products;
			sourceTree = "<group>";
		};
		124ED0CE1F844A490015344F /* VIrtualTourist */ = {
			isa = PBXGroup;
			children = (
				124ED0CF1F844A490015344F /* AppDelegate.swift */,
				124ED0E81F846AC50015344F /* GCDBlackBox.swift */,
				124ED0E41F844BC90015344F /* Models */,
				12A13B1D1F858DFA00CEBCA7 /* VIews */,
				124ED0E31F844BB30015344F /* Controllers */,
				124ED0E11F844B450015344F /* Assets */,
				124ED0E21F844B7D0015344F /* Supporting Files */,
			);
			path = VIrtualTourist;
			sourceTree = "<group>";
		};
		124ED0E11F844B450015344F /* Assets */ = {
			isa = PBXGroup;
			children = (
				124ED0D31F844A490015344F /* Main.storyboard */,
				124ED0D61F844A490015344F /* Assets.xcassets */,
				124ED0D81F844A490015344F /* LaunchScreen.storyboard */,
			);
			path = Assets;
			sourceTree = "<group>";
		};
		124ED0E21F844B7D0015344F /* Supporting Files */ = {
			isa = PBXGroup;
			children = (
				124ED0DB1F844A490015344F /* Info.plist */,
			);
			name = "Supporting Files";
			sourceTree = "<group>";
		};
		124ED0E31F844BB30015344F /* Controllers */ = {
			isa = PBXGroup;
			children = (
				124ED0D11F844A490015344F /* TravelLocationsMapViewController.swift */,
				12A13B191F85821A00CEBCA7 /* PhotoAlbumViewController.swift */,
				12A13B201F85C70600CEBCA7 /* ViewControllerExtensions.swift */,
			);
			path = Controllers;
			sourceTree = "<group>";
		};
		124ED0E41F844BC90015344F /* Models */ = {
			isa = PBXGroup;
			children = (
				12188D0E1F8533E200CE8674 /* Photo.swift */,
				12188D0F1F8533E200CE8674 /* Photo+CoreDataProperties.swift */,
				12188D101F8533E200CE8674 /* Pin.swift */,
				12188D111F8533E200CE8674 /* Pin+CoreDataProperties.swift */,
				124ED0ED1F846E110015344F /* CoreDataStack.swift */,
				124ED0E51F844C2A0015344F /* Client */,
				124ED0EE1F8479740015344F /* Model.xcdatamodeld */,
				12A13B221F8690B700CEBCA7 /* PhotoStore.swift */,
			);
			path = Models;
			sourceTree = "<group>";
		};
		124ED0E51F844C2A0015344F /* Client */ = {
			isa = PBXGroup;
			children = (
				124ED0EB1F846B020015344F /* FlickrConstants.swift */,
				124ED0E61F846AA20015344F /* NetworkClient.swift */,
				124ED0E71F846AA30015344F /* FlickrClient.swift */,
			);
			path = Client;
			sourceTree = "<group>";
		};
		12A13B1D1F858DFA00CEBCA7 /* VIews */ = {
			isa = PBXGroup;
			children = (
				12A13B1E1F858E4A00CEBCA7 /* PhotoCollectionViewCell.swift */,
			);
			path = VIews;
			sourceTree = "<group>";
		};
/* End PBXGroup section */

/* Begin PBXNativeTarget section */
		124ED0CB1F844A490015344F /* VIrtualTourist */ = {
			isa = PBXNativeTarget;
			buildConfigurationList = 124ED0DE1F844A490015344F /* Build configuration list for PBXNativeTarget "VIrtualTourist" */;
			buildPhases = (
				124ED0C81F844A490015344F /* Sources */,
				124ED0C91F844A490015344F /* Frameworks */,
				124ED0CA1F844A490015344F /* Resources */,
			);
			buildRules = (
			);
			dependencies = (
			);
			name = VIrtualTourist;
			productName = VIrtualTourist;
			productReference = 124ED0CC1F844A490015344F /* VIrtualTourist.app */;
			productType = "com.apple.product-type.application";
		};
/* End PBXNativeTarget section */

/* Begin PBXProject section */
		124ED0C41F844A490015344F /* Project object */ = {
			isa = PBXProject;
			attributes = {
				LastSwiftUpdateCheck = 0900;
				LastUpgradeCheck = 0900;
				ORGANIZATIONNAME = "Pete Barnes";
				TargetAttributes = {
					124ED0CB1F844A490015344F = {
						CreatedOnToolsVersion = 9.0;
						ProvisioningStyle = Automatic;
					};
				};
			};
			buildConfigurationList = 124ED0C71F844A490015344F /* Build configuration list for PBXProject "VIrtualTourist" */;
			compatibilityVersion = "Xcode 8.0";
			developmentRegion = en;
			hasScannedForEncodings = 0;
			knownRegions = (
				en,
				Base,
			);
			mainGroup = 124ED0C31F844A490015344F;
			productRefGroup = 124ED0CD1F844A490015344F /* Products */;
			projectDirPath = "";
			projectRoot = "";
			targets = (
				124ED0CB1F844A490015344F /* VIrtualTourist */,
			);
		};
/* End PBXProject section */

/* Begin PBXResourcesBuildPhase section */
		124ED0CA1F844A490015344F /* Resources */ = {
			isa = PBXResourcesBuildPhase;
			buildActionMask = 2147483647;
			files = (
				124ED0DA1F844A490015344F /* LaunchScreen.storyboard in Resources */,
				124ED0D71F844A490015344F /* Assets.xcassets in Resources */,
				124ED0D51F844A490015344F /* Main.storyboard in Resources */,
			);
			runOnlyForDeploymentPostprocessing = 0;
		};
/* End PBXResourcesBuildPhase section */

/* Begin PBXSourcesBuildPhase section */
		124ED0C81F844A490015344F /* Sources */ = {
			isa = PBXSourcesBuildPhase;
			buildActionMask = 2147483647;
			files = (
				12188D131F8533E200CE8674 /* Photo+CoreDataProperties.swift in Sources */,
				12188D151F8533E200CE8674 /* Pin+CoreDataProperties.swift in Sources */,
				12A13B231F8690B700CEBCA7 /* PhotoStore.swift in Sources */,
				12A13B1A1F85821A00CEBCA7 /* PhotoAlbumViewController.swift in Sources */,
				12188D121F8533E200CE8674 /* Photo.swift in Sources */,
				12A13B171F8545D600CEBCA7 /* NetworkClient.swift in Sources */,
				12A13B151F8545CE00CEBCA7 /* CoreDataStack.swift in Sources */,
				12188D141F8533E200CE8674 /* Pin.swift in Sources */,
				124ED0D21F844A490015344F /* TravelLocationsMapViewController.swift in Sources */,
				12A13B161F8545D200CEBCA7 /* FlickrConstants.swift in Sources */,
				124ED0E91F846AC50015344F /* GCDBlackBox.swift in Sources */,
				124ED0D01F844A490015344F /* AppDelegate.swift in Sources */,
				12A13B1F1F858E4A00CEBCA7 /* PhotoCollectionViewCell.swift in Sources */,
				124ED0F01F8479740015344F /* Model.xcdatamodeld in Sources */,
				12A13B211F85C70600CEBCA7 /* ViewControllerExtensions.swift in Sources */,
				12A13B181F8545D900CEBCA7 /* FlickrClient.swift in Sources */,
			);
			runOnlyForDeploymentPostprocessing = 0;
		};
/* End PBXSourcesBuildPhase section */

/* Begin PBXVariantGroup section */
		124ED0D31F844A490015344F /* Main.storyboard */ = {
			isa = PBXVariantGroup;
			children = (
				124ED0D41F844A490015344F /* Base */,
			);
			name = Main.storyboard;
			sourceTree = "<group>";
		};
		124ED0D81F844A490015344F /* LaunchScreen.storyboard */ = {
			isa = PBXVariantGroup;
			children = (
				124ED0D91F844A490015344F /* Base */,
			);
			name = LaunchScreen.storyboard;
			sourceTree = "<group>";
		};
/* End PBXVariantGroup section */

/* Begin XCBuildConfiguration section */
		124ED0DC1F844A490015344F /* Debug */ = {
			isa = XCBuildConfiguration;
			buildSettings = {
				ALWAYS_SEARCH_USER_PATHS = NO;
				CLANG_ANALYZER_NONNULL = YES;
				CLANG_ANALYZER_NUMBER_OBJECT_CONVERSION = YES_AGGRESSIVE;
				CLANG_CXX_LANGUAGE_STANDARD = "gnu++14";
				CLANG_CXX_LIBRARY = "libc++";
				CLANG_ENABLE_MODULES = YES;
				CLANG_ENABLE_OBJC_ARC = YES;
				CLANG_WARN_BLOCK_CAPTURE_AUTORELEASING = YES;
				CLANG_WARN_BOOL_CONVERSION = YES;
				CLANG_WARN_COMMA = YES;
				CLANG_WARN_CONSTANT_CONVERSION = YES;
				CLANG_WARN_DIRECT_OBJC_ISA_USAGE = YES_ERROR;
				CLANG_WARN_DOCUMENTATION_COMMENTS = YES;
				CLANG_WARN_EMPTY_BODY = YES;
				CLANG_WARN_ENUM_CONVERSION = YES;
				CLANG_WARN_INFINITE_RECURSION = YES;
				CLANG_WARN_INT_CONVERSION = YES;
				CLANG_WARN_NON_LITERAL_NULL_CONVERSION = YES;
				CLANG_WARN_OBJC_LITERAL_CONVERSION = YES;
				CLANG_WARN_OBJC_ROOT_CLASS = YES_ERROR;
				CLANG_WARN_RANGE_LOOP_ANALYSIS = YES;
				CLANG_WARN_STRICT_PROTOTYPES = YES;
				CLANG_WARN_SUSPICIOUS_MOVE = YES;
				CLANG_WARN_UNGUARDED_AVAILABILITY = YES_AGGRESSIVE;
				CLANG_WARN_UNREACHABLE_CODE = YES;
				CLANG_WARN__DUPLICATE_METHOD_MATCH = YES;
				CODE_SIGN_IDENTITY = "iPhone Developer";
				COPY_PHASE_STRIP = NO;
				DEBUG_INFORMATION_FORMAT = dwarf;
				ENABLE_STRICT_OBJC_MSGSEND = YES;
				ENABLE_TESTABILITY = YES;
				GCC_C_LANGUAGE_STANDARD = gnu11;
				GCC_DYNAMIC_NO_PIC = NO;
				GCC_NO_COMMON_BLOCKS = YES;
				GCC_OPTIMIZATION_LEVEL = 0;
				GCC_PREPROCESSOR_DEFINITIONS = (
					"DEBUG=1",
					"$(inherited)",
				);
				GCC_WARN_64_TO_32_BIT_CONVERSION = YES;
				GCC_WARN_ABOUT_RETURN_TYPE = YES_ERROR;
				GCC_WARN_UNDECLARED_SELECTOR = YES;
				GCC_WARN_UNINITIALIZED_AUTOS = YES_AGGRESSIVE;
				GCC_WARN_UNUSED_FUNCTION = YES;
				GCC_WARN_UNUSED_VARIABLE = YES;
				IPHONEOS_DEPLOYMENT_TARGET = 11.0;
				MTL_ENABLE_DEBUG_INFO = YES;
				ONLY_ACTIVE_ARCH = YES;
				SDKROOT = iphoneos;
				SWIFT_ACTIVE_COMPILATION_CONDITIONS = DEBUG;
				SWIFT_OPTIMIZATION_LEVEL = "-Onone";
			};
			name = Debug;
		};
		124ED0DD1F844A490015344F /* Release */ = {
			isa = XCBuildConfiguration;
			buildSettings = {
				ALWAYS_SEARCH_USER_PATHS = NO;
				CLANG_ANALYZER_NONNULL = YES;
				CLANG_ANALYZER_NUMBER_OBJECT_CONVERSION = YES_AGGRESSIVE;
				CLANG_CXX_LANGUAGE_STANDARD = "gnu++14";
				CLANG_CXX_LIBRARY = "libc++";
				CLANG_ENABLE_MODULES = YES;
				CLANG_ENABLE_OBJC_ARC = YES;
				CLANG_WARN_BLOCK_CAPTURE_AUTORELEASING = YES;
				CLANG_WARN_BOOL_CONVERSION = YES;
				CLANG_WARN_COMMA = YES;
				CLANG_WARN_CONSTANT_CONVERSION = YES;
				CLANG_WARN_DIRECT_OBJC_ISA_USAGE = YES_ERROR;
				CLANG_WARN_DOCUMENTATION_COMMENTS = YES;
				CLANG_WARN_EMPTY_BODY = YES;
				CLANG_WARN_ENUM_CONVERSION = YES;
				CLANG_WARN_INFINITE_RECURSION = YES;
				CLANG_WARN_INT_CONVERSION = YES;
				CLANG_WARN_NON_LITERAL_NULL_CONVERSION = YES;
				CLANG_WARN_OBJC_LITERAL_CONVERSION = YES;
				CLANG_WARN_OBJC_ROOT_CLASS = YES_ERROR;
				CLANG_WARN_RANGE_LOOP_ANALYSIS = YES;
				CLANG_WARN_STRICT_PROTOTYPES = YES;
				CLANG_WARN_SUSPICIOUS_MOVE = YES;
				CLANG_WARN_UNGUARDED_AVAILABILITY = YES_AGGRESSIVE;
				CLANG_WARN_UNREACHABLE_CODE = YES;
				CLANG_WARN__DUPLICATE_METHOD_MATCH = YES;
				CODE_SIGN_IDENTITY = "iPhone Developer";
				COPY_PHASE_STRIP = NO;
				DEBUG_INFORMATION_FORMAT = "dwarf-with-dsym";
				ENABLE_NS_ASSERTIONS = NO;
				ENABLE_STRICT_OBJC_MSGSEND = YES;
				GCC_C_LANGUAGE_STANDARD = gnu11;
				GCC_NO_COMMON_BLOCKS = YES;
				GCC_WARN_64_TO_32_BIT_CONVERSION = YES;
				GCC_WARN_ABOUT_RETURN_TYPE = YES_ERROR;
				GCC_WARN_UNDECLARED_SELECTOR = YES;
				GCC_WARN_UNINITIALIZED_AUTOS = YES_AGGRESSIVE;
				GCC_WARN_UNUSED_FUNCTION = YES;
				GCC_WARN_UNUSED_VARIABLE = YES;
				IPHONEOS_DEPLOYMENT_TARGET = 11.0;
				MTL_ENABLE_DEBUG_INFO = NO;
				SDKROOT = iphoneos;
				SWIFT_OPTIMIZATION_LEVEL = "-Owholemodule";
				VALIDATE_PRODUCT = YES;
			};
			name = Release;
		};
		124ED0DF1F844A490015344F /* Debug */ = {
			isa = XCBuildConfiguration;
			buildSettings = {
				ASSETCATALOG_COMPILER_APPICON_NAME = AppIcon;
				CODE_SIGN_STYLE = Automatic;
				DEVELOPMENT_TEAM = L5FNV85WPP;
				INFOPLIST_FILE = VIrtualTourist/Info.plist;
				LD_RUNPATH_SEARCH_PATHS = "$(inherited) @executable_path/Frameworks";
				PRODUCT_BUNDLE_IDENTIFIER = com.meb.VIrtualTourist;
				PRODUCT_NAME = "$(TARGET_NAME)";
				SWIFT_VERSION = 4.0;
				TARGETED_DEVICE_FAMILY = "1,2";
			};
			name = Debug;
		};
		124ED0E01F844A490015344F /* Release */ = {
			isa = XCBuildConfiguration;
			buildSettings = {
				ASSETCATALOG_COMPILER_APPICON_NAME = AppIcon;
				CODE_SIGN_STYLE = Automatic;
				DEVELOPMENT_TEAM = L5FNV85WPP;
				INFOPLIST_FILE = VIrtualTourist/Info.plist;
				LD_RUNPATH_SEARCH_PATHS = "$(inherited) @executable_path/Frameworks";
				PRODUCT_BUNDLE_IDENTIFIER = com.meb.VIrtualTourist;
				PRODUCT_NAME = "$(TARGET_NAME)";
				SWIFT_VERSION = 4.0;
				TARGETED_DEVICE_FAMILY = "1,2";
			};
			name = Release;
		};
/* End XCBuildConfiguration section */

/* Begin XCConfigurationList section */
		124ED0C71F844A490015344F /* Build configuration list for PBXProject "VIrtualTourist" */ = {
			isa = XCConfigurationList;
			buildConfigurations = (
				124ED0DC1F844A490015344F /* Debug */,
				124ED0DD1F844A490015344F /* Release */,
			);
			defaultConfigurationIsVisible = 0;
			defaultConfigurationName = Release;
		};
		124ED0DE1F844A490015344F /* Build configuration list for PBXNativeTarget "VIrtualTourist" */ = {
			isa = XCConfigurationList;
			buildConfigurations = (
				124ED0DF1F844A490015344F /* Debug */,
				124ED0E01F844A490015344F /* Release */,
			);
			defaultConfigurationIsVisible = 0;
			defaultConfigurationName = Release;
		};
/* End XCConfigurationList section */

/* Begin XCVersionGroup section */
		124ED0EE1F8479740015344F /* Model.xcdatamodeld */ = {
			isa = XCVersionGroup;
			children = (
				124ED0EF1F8479740015344F /* Model.xcdatamodel */,
			);
			currentVersion = 124ED0EF1F8479740015344F /* Model.xcdatamodel */;
			path = Model.xcdatamodeld;
			sourceTree = "<group>";
			versionGroupType = wrapper.xcdatamodel;
		};
/* End XCVersionGroup section */
	};
	rootObject = 124ED0C41F844A490015344F /* Project object */;
}
